
Microsoft Visual Studio Solution File, Format Version 12.00
# Visual Studio 2012
Project("{FAE04EC0-301F-11D3-BF4B-00C04F79EFBC}") = "ClassBox", "ClassBox.csproj", "{73D28D49-1919-4785-9F4B-6B11CE03327C}"
EndProject
Project("{FAE04EC0-301F-11D3-BF4B-00C04F79EFBC}") = "ClassBox.UITests", "ClassBox.UITests\ClassBox.UITests.csproj", "{1644C74B-6B1F-464F-9577-8DC681C391B5}"
EndProject
Global
	GlobalSection(SolutionConfigurationPlatforms) = preSolution
		Debug|iPhoneSimulator = Debug|iPhoneSimulator
		Release|iPhone = Release|iPhone
		Release|iPhoneSimulator = Release|iPhoneSimulator
		Debug|iPhone = Debug|iPhone
		Debug|Any CPU = Debug|Any CPU
		Release|Any CPU = Release|Any CPU
	EndGlobalSection
	GlobalSection(ProjectConfigurationPlatforms) = postSolution
		{1644C74B-6B1F-464F-9577-8DC681C391B5}.Debug|Any CPU.ActiveCfg = Debug|Any CPU
		{1644C74B-6B1F-464F-9577-8DC681C391B5}.Debug|Any CPU.Build.0 = Debug|Any CPU
		{1644C74B-6B1F-464F-9577-8DC681C391B5}.Debug|iPhone.ActiveCfg = Debug|Any CPU
		{1644C74B-6B1F-464F-9577-8DC681C391B5}.Debug|iPhone.Build.0 = Debug|Any CPU
		{1644C74B-6B1F-464F-9577-8DC681C391B5}.Debug|iPhoneSimulator.ActiveCfg = Debug|Any CPU
		{1644C74B-6B1F-464F-9577-8DC681C391B5}.Debug|iPhoneSimulator.Build.0 = Debug|Any CPU
		{1644C74B-6B1F-464F-9577-8DC681C391B5}.Release|Any CPU.ActiveCfg = Release|Any CPU
		{1644C74B-6B1F-464F-9577-8DC681C391B5}.Release|Any CPU.Build.0 = Release|Any CPU
		{1644C74B-6B1F-464F-9577-8DC681C391B5}.Release|iPhone.ActiveCfg = Release|Any CPU
		{1644C74B-6B1F-464F-9577-8DC681C391B5}.Release|iPhone.Build.0 = Release|Any CPU
		{1644C74B-6B1F-464F-9577-8DC681C391B5}.Release|iPhoneSimulator.ActiveCfg = Release|Any CPU
		{1644C74B-6B1F-464F-9577-8DC681C391B5}.Release|iPhoneSimulator.Build.0 = Release|Any CPU
		{73D28D49-1919-4785-9F4B-6B11CE03327C}.Debug|Any CPU.ActiveCfg = Debug|iPhoneSimulator
		{73D28D49-1919-4785-9F4B-6B11CE03327C}.Debug|Any CPU.Build.0 = Debug|iPhoneSimulator
		{73D28D49-1919-4785-9F4B-6B11CE03327C}.Debug|iPhone.ActiveCfg = Debug|iPhone
		{73D28D49-1919-4785-9F4B-6B11CE03327C}.Debug|iPhone.Build.0 = Debug|iPhone
		{73D28D49-1919-4785-9F4B-6B11CE03327C}.Debug|iPhoneSimulator.ActiveCfg = Debug|iPhoneSimulator
		{73D28D49-1919-4785-9F4B-6B11CE03327C}.Debug|iPhoneSimulator.Build.0 = Debug|iPhoneSimulator
		{73D28D49-1919-4785-9F4B-6B11CE03327C}.Release|Any CPU.ActiveCfg = Release|iPhone
		{73D28D49-1919-4785-9F4B-6B11CE03327C}.Release|Any CPU.Build.0 = Release|iPhone
		{73D28D49-1919-4785-9F4B-6B11CE03327C}.Release|iPhone.ActiveCfg = Release|iPhone
		{73D28D49-1919-4785-9F4B-6B11CE03327C}.Release|iPhone.Build.0 = Release|iPhone
		{73D28D49-1919-4785-9F4B-6B11CE03327C}.Release|iPhoneSimulator.ActiveCfg = Release|iPhoneSimulator
		{73D28D49-1919-4785-9F4B-6B11CE03327C}.Release|iPhoneSimulator.Build.0 = Release|iPhoneSimulator
	EndGlobalSection
EndGlobal
